
Microsoft Visual Studio Solution File, Format Version 12.00
# Visual Studio Version 17
VisualStudioVersion = 17.9.34616.47
MinimumVisualStudioVersion = 10.0.40219.1
Project("{FAE04EC0-301F-11D3-BF4B-00C04F79EFBC}") = "MailProtocol2604", "MailProtocol2604\MailProtocol2604.csproj", "{87B9B2F0-4260-4B4E-BDCB-CFE26B28D375}"
EndProject
Global
	GlobalSection(SolutionConfigurationPlatforms) = preSolution
		Debug|Any CPU = Debug|Any CPU
		Release|Any CPU = Release|Any CPU
	EndGlobalSection
	GlobalSection(ProjectConfigurationPlatforms) = postSolution
		{87B9B2F0-4260-4B4E-BDCB-CFE26B28D375}.Debug|Any CPU.ActiveCfg = Debug|Any CPU
		{87B9B2F0-4260-4B4E-BDCB-CFE26B28D375}.Debug|Any CPU.Build.0 = Debug|Any CPU
		{87B9B2F0-4260-4B4E-BDCB-CFE26B28D375}.Release|Any CPU.ActiveCfg = Release|Any CPU
		{87B9B2F0-4260-4B4E-BDCB-CFE26B28D375}.Release|Any CPU.Build.0 = Release|Any CPU
	EndGlobalSection
	GlobalSection(SolutionProperties) = preSolution
		HideSolutionNode = FALSE
	EndGlobalSection
	GlobalSection(ExtensibilityGlobals) = postSolution
		SolutionGuid = {FD9EBBE8-3F75-4CDA-BF1B-EEF33F87B18B}
	EndGlobalSection
EndGlobal
