
Microsoft Visual Studio Solution File, Format Version 12.00
# Visual Studio Version 17
VisualStudioVersion = 17.9.34616.47
MinimumVisualStudioVersion = 10.0.40219.1
Project("{FAE04EC0-301F-11D3-BF4B-00C04F79EFBC}") = "mailprotocol2904", "mailprotocol2904\mailprotocol2904.csproj", "{A369F80A-757D-4FA4-9C85-934702DB4813}"
EndProject
Global
	GlobalSection(SolutionConfigurationPlatforms) = preSolution
		Debug|Any CPU = Debug|Any CPU
		Release|Any CPU = Release|Any CPU
	EndGlobalSection
	GlobalSection(ProjectConfigurationPlatforms) = postSolution
		{A369F80A-757D-4FA4-9C85-934702DB4813}.Debug|Any CPU.ActiveCfg = Debug|Any CPU
		{A369F80A-757D-4FA4-9C85-934702DB4813}.Debug|Any CPU.Build.0 = Debug|Any CPU
		{A369F80A-757D-4FA4-9C85-934702DB4813}.Release|Any CPU.ActiveCfg = Release|Any CPU
		{A369F80A-757D-4FA4-9C85-934702DB4813}.Release|Any CPU.Build.0 = Release|Any CPU
	EndGlobalSection
	GlobalSection(SolutionProperties) = preSolution
		HideSolutionNode = FALSE
	EndGlobalSection
	GlobalSection(ExtensibilityGlobals) = postSolution
		SolutionGuid = {CC514351-7F95-4854-90F6-64300E17A5EB}
	EndGlobalSection
EndGlobal
